{
    "_meta": {
        "hash": {
            "sha256": "6e32c6ef2635e52ffdd3161d442073314b5d3c1d3c5b61763a01453020eef136"
        },
        "pipfile-spec": 6,
        "requires": {
            "python_version": "3.12"
        },
        "sources": [
            {
                "name": "pypi",
                "url": "https://pypi.org/simple",
                "verify_ssl": true
            }
        ]
    },
    "default": {
        "ping3": {
            "hashes": [
                "sha256:1ea12acf6752d4666616341fd7c6393c664cffc510c693ef06f736fb267a13ba",
                "sha256:dd8439ced69d6fec5885c8d4faefb055aacffb5a20f5e38a78459a5b18cc5e5a"
            ],
            "index": "pypi",
            "markers": "python_version >= '3'",
            "version": "==4.0.4"
        }
    },
    "develop": {}
}
